
Microsoft Visual Studio Solution File, Format Version 11.00
# Visual Studio 2010
Project("{2150E333-8FDC-42A3-9474-1A3956D46DE8}") = "Solution Items", "Solution Items", "{119E14DC-B673-44E3-8FAA-9710C9840158}"
	ProjectSection(SolutionItems) = preProject
		ProductImport1.vsmdi = ProductImport1.vsmdi
	EndProjectSection
EndProject
Project("{2150E333-8FDC-42A3-9474-1A3956D46DE8}") = "3rdParty", "3rdParty", "{455BA84B-B8B6-467E-9CBF-E537615B91E6}"
	ProjectSection(SolutionItems) = preProject
		Shared\3rdParty\nunit.framework.dll = Shared\3rdParty\nunit.framework.dll
		Shared\3rdParty\nunit.framework.xml = Shared\3rdParty\nunit.framework.xml
	EndProjectSection
EndProject
Project("{FAE04EC0-301F-11D3-BF4B-00C04F79EFBC}") = "ProductImportAdmin", "ProductImportAdmin\ProductImportAdmin.csproj", "{1B4FFFBA-BD27-496C-8B8F-D7E741E3C9E1}"
EndProject
Project("{FAE04EC0-301F-11D3-BF4B-00C04F79EFBC}") = "AffiliLogAPI", "AfilinetLogAPI\AffiliLogAPI.csproj", "{345F04FC-0F1D-4939-9744-64528C602E1C}"
EndProject
Project("{FAE04EC0-301F-11D3-BF4B-00C04F79EFBC}") = "AffiliProductImportBusiness", "AffiliProductImportBusiness\AffiliProductImportBusiness.csproj", "{F166918E-5698-42C7-9F4E-4D9AD0419BA6}"
EndProject
Project("{FAE04EC0-301F-11D3-BF4B-00C04F79EFBC}") = "AffiliExceptionAPI", "AffiliExceptionAPI\AffiliExceptionAPI.csproj", "{0B05B90F-7ADC-4E4A-81B7-92A831C66769}"
EndProject
Project("{FAE04EC0-301F-11D3-BF4B-00C04F79EFBC}") = "AffiliDataAccessAPI", "AffiliDataAccessAPI\AffiliDataAccessAPI.csproj", "{A3768D28-5B1D-4891-9760-70707CD14DD7}"
EndProject
Project("{FAE04EC0-301F-11D3-BF4B-00C04F79EFBC}") = "TestProductImport", "TestProductImport\TestProductImport.csproj", "{D66CAE5A-30D7-4682-9193-B86619D1F878}"
EndProject
Project("{FAE04EC0-301F-11D3-BF4B-00C04F79EFBC}") = "PIMaintenanceTasks", "PIMaintenanceTasks\PIMaintenanceTasks.csproj", "{9B1428AD-2983-4E76-8033-65C307BA8170}"
EndProject
Project("{FAE04EC0-301F-11D3-BF4B-00C04F79EFBC}") = "PIMaintenanceGUI", "HashGenUtility\PIMaintenanceGUI.csproj", "{B595BBF5-559B-44CB-9DE0-A5F86B255AE1}"
EndProject
Project("{FAE04EC0-301F-11D3-BF4B-00C04F79EFBC}") = "ProductImportService", "ProductAdminService\ProductImportService.csproj", "{1BB8F14B-FAD9-4107-810D-6EB88A595E0E}"
EndProject
Project("{FAE04EC0-301F-11D3-BF4B-00C04F79EFBC}") = "ProductFileDownloadService", "ProductFileDownloadService\ProductFileDownloadService.csproj", "{91E46A77-DC84-4224-8FC6-FE36F4C681D9}"
EndProject
Project("{FAE04EC0-301F-11D3-BF4B-00C04F79EFBC}") = "AffiliProductExportBusiness", "AffiliProductExportBusiness\AffiliProductExportBusiness.csproj", "{13FEC160-C9FC-4D25-A0E1-6EA2442B2BF7}"
EndProject
Project("{FAE04EC0-301F-11D3-BF4B-00C04F79EFBC}") = "AffiliProductExportWeb", "AffiliProductExportWeb\AffiliProductExportWeb.csproj", "{45EEE72E-2C3A-42F9-A532-EC6860CCD8AF}"
EndProject
Project("{FAE04EC0-301F-11D3-BF4B-00C04F79EFBC}") = "AffiliProductExportAuthentication", "AffiliProductExportAuthentication\AffiliProductExportAuthentication.csproj", "{2820C04C-9891-49A1-84FF-24647B16ADED}"
EndProject
Project("{FAE04EC0-301F-11D3-BF4B-00C04F79EFBC}") = "ProductExportFileMgmtService", "ProductExportFileMgmtService\ProductExportFileMgmtService.csproj", "{D90CAC1C-77DE-4FE5-97DC-128E8590C788}"
EndProject
Project("{FAE04EC0-301F-11D3-BF4B-00C04F79EFBC}") = "AffiliImageImportBusiness", "AffiliImageImportBusiness\AffiliImageImportBusiness.csproj", "{60BB6C62-BEC8-4CFF-BF5D-7AF8ADD9160C}"
EndProject
Project("{FAE04EC0-301F-11D3-BF4B-00C04F79EFBC}") = "AffilinetCommon", "AffilinetCommon\AffilinetCommon.csproj", "{C4ABC63F-BBAE-4D33-83F9-A1A0B8096768}"
EndProject
Project("{FAE04EC0-301F-11D3-BF4B-00C04F79EFBC}") = "ImageImportSsisMgmtService", "ImageImportSsisMgmtService\ImageImportSsisMgmtService.csproj", "{367B2B31-2133-425D-9116-435105E1FF56}"
EndProject
Project("{FAE04EC0-301F-11D3-BF4B-00C04F79EFBC}") = "TestAffiliProductExportBusiness", "TestAffiliProductExportBusiness\TestAffiliProductExportBusiness.csproj", "{7DD5061C-0065-4725-B512-0427C56264DF}"
EndProject
Project("{FAE04EC0-301F-11D3-BF4B-00C04F79EFBC}") = "AffiliDailyImageImportService", "AffiliDailyImageImportService\AffiliDailyImageImportService.csproj", "{38D9E67C-5C9C-46C3-993E-0099896D8DC3}"
EndProject
Project("{FAE04EC0-301F-11D3-BF4B-00C04F79EFBC}") = "AffiliImageReviewService", "AffiliImageReviewService\AffiliImageReviewService.csproj", "{B418F117-41DF-4B91-820B-3A9DC8688CFB}"
EndProject
Project("{FAE04EC0-301F-11D3-BF4B-00C04F79EFBC}") = "AffiliManualImageImportService", "AffiliManualImageImportService\AffiliManualImageImportService.csproj", "{A86C7663-F57E-4360-9A15-AE68FB7ED84A}"
EndProject
Project("{FAE04EC0-301F-11D3-BF4B-00C04F79EFBC}") = "AffiliImageCsvFileCleanUpService", "ImageCsvFileCleanUpService\AffiliImageCsvFileCleanUpService.csproj", "{F28C841B-A8F6-4B9B-A078-930D29D3C5E0}"
EndProject
Project("{FAE04EC0-301F-11D3-BF4B-00C04F79EFBC}") = "AffiliProductImportSsisService", "AffiliProductImportSsisService\AffiliProductImportSsisService.csproj", "{DDFEFE00-FBD7-4AEE-99C1-A2785979D735}"
EndProject
Project("{FAE04EC0-301F-11D3-BF4B-00C04F79EFBC}") = "AffiliHourlyProductImportService", "AffiliHourlyProductImportService\AffiliHourlyProductImportService.csproj", "{631BF8F3-7B9C-46E2-9198-24738F3C5453}"
EndProject
Project("{FAE04EC0-301F-11D3-BF4B-00C04F79EFBC}") = "AffiliImageDeleteService", "AffiliImageDeleteService\AffiliImageDeleteService.csproj", "{767FC45B-9BF5-460C-8F79-E77D77C161BA}"
EndProject
Project("{FAE04EC0-301F-11D3-BF4B-00C04F79EFBC}") = "AffiliErrorIndexing", "AffiliErrorIndexing\AffiliErrorIndexing.csproj", "{8C768837-2D00-4C36-9FC0-AC42AFB701FD}"
EndProject
Global
	GlobalSection(TeamFoundationVersionControl) = preSolution
		SccNumberOfProjects = 27
		SccEnterpriseProvider = {4CA58AB2-18FA-4F8D-95D4-32DDF27D184C}
		SccTeamFoundationServer = http://hans19:8080/
		SccLocalPath0 = .
		SccProjectUniqueName1 = AffiliDataAccessAPI\\AffiliDataAccessAPI.csproj
		SccProjectName1 = AffiliDataAccessAPI
		SccLocalPath1 = AffiliDataAccessAPI
		SccProjectUniqueName2 = AffiliExceptionAPI\\AffiliExceptionAPI.csproj
		SccProjectName2 = AffiliExceptionAPI
		SccLocalPath2 = AffiliExceptionAPI
		SccProjectUniqueName3 = AffiliProductImportBusiness\\AffiliProductImportBusiness.csproj
		SccProjectName3 = AffiliProductImportBusiness
		SccLocalPath3 = AffiliProductImportBusiness
		SccProjectUniqueName4 = AfilinetLogAPI\\AffiliLogAPI.csproj
		SccProjectName4 = AfilinetLogAPI
		SccLocalPath4 = AfilinetLogAPI
		SccProjectUniqueName5 = ProductImportAdmin\\ProductImportAdmin.csproj
		SccProjectName5 = ProductImportAdmin
		SccLocalPath5 = ProductImportAdmin
		SccProjectUniqueName6 = TestProductImport\\TestProductImport.csproj
		SccProjectName6 = TestProductImport
		SccLocalPath6 = TestProductImport
		SccProjectUniqueName7 = PIMaintenanceTasks\\PIMaintenanceTasks.csproj
		SccProjectName7 = PIMaintenanceTasks
		SccLocalPath7 = PIMaintenanceTasks
		SccProjectUniqueName8 = HashGenUtility\\PIMaintenanceGUI.csproj
		SccProjectName8 = HashGenUtility
		SccLocalPath8 = HashGenUtility
		SccProjectUniqueName9 = ProductAdminService\\ProductImportService.csproj
		SccProjectName9 = ProductAdminService
		SccLocalPath9 = ProductAdminService
		SccProjectUniqueName10 = ProductFileDownloadService\\ProductFileDownloadService.csproj
		SccProjectName10 = ProductFileDownloadService
		SccLocalPath10 = ProductFileDownloadService
		SccProjectUniqueName11 = AffiliProductExportBusiness\\AffiliProductExportBusiness.csproj
		SccProjectName11 = AffiliProductExportBusiness
		SccLocalPath11 = AffiliProductExportBusiness
		SccProjectUniqueName12 = AffiliProductExportWeb\\AffiliProductExportWeb.csproj
		SccProjectName12 = AffiliProductExportWeb
		SccLocalPath12 = AffiliProductExportWeb
		SccProjectUniqueName13 = AffiliProductExportAuthentication\\AffiliProductExportAuthentication.csproj
		SccProjectName13 = AffiliProductExportAuthentication
		SccLocalPath13 = AffiliProductExportAuthentication
		SccProjectUniqueName14 = ProductExportFileMgmtService\\ProductExportFileMgmtService.csproj
		SccProjectName14 = ProductExportFileMgmtService
		SccLocalPath14 = ProductExportFileMgmtService
		SccProjectUniqueName15 = AffiliImageImportBusiness\\AffiliImageImportBusiness.csproj
		SccProjectName15 = AffiliImageImportBusiness
		SccLocalPath15 = AffiliImageImportBusiness
		SccProjectUniqueName16 = AffilinetCommon\\AffilinetCommon.csproj
		SccProjectName16 = AffilinetCommon
		SccLocalPath16 = AffilinetCommon
		SccProjectUniqueName17 = ImageImportSsisMgmtService\\ImageImportSsisMgmtService.csproj
		SccProjectName17 = ImageImportSsisMgmtService
		SccLocalPath17 = ImageImportSsisMgmtService
		SccProjectUniqueName18 = TestAffiliProductExportBusiness\\TestAffiliProductExportBusiness.csproj
		SccProjectName18 = TestAffiliProductExportBusiness
		SccLocalPath18 = TestAffiliProductExportBusiness
		SccProjectUniqueName19 = AffiliDailyImageImportService\\AffiliDailyImageImportService.csproj
		SccProjectName19 = AffiliDailyImageImportService
		SccLocalPath19 = AffiliDailyImageImportService
		SccProjectUniqueName20 = AffiliImageReviewService\\AffiliImageReviewService.csproj
		SccProjectName20 = AffiliImageReviewService
		SccLocalPath20 = AffiliImageReviewService
		SccProjectUniqueName21 = AffiliManualImageImportService\\AffiliManualImageImportService.csproj
		SccProjectName21 = AffiliManualImageImportService
		SccLocalPath21 = AffiliManualImageImportService
		SccProjectUniqueName22 = ImageCsvFileCleanUpService\\AffiliImageCsvFileCleanUpService.csproj
		SccProjectName22 = ImageCsvFileCleanUpService
		SccLocalPath22 = ImageCsvFileCleanUpService
		SccProjectUniqueName23 = AffiliProductImportSsisService\\AffiliProductImportSsisService.csproj
		SccProjectName23 = AffiliProductImportSsisService
		SccLocalPath23 = AffiliProductImportSsisService
		SccProjectUniqueName24 = AffiliHourlyProductImportService\\AffiliHourlyProductImportService.csproj
		SccProjectName24 = AffiliHourlyProductImportService
		SccLocalPath24 = AffiliHourlyProductImportService
		SccProjectUniqueName25 = AffiliImageDeleteService\\AffiliImageDeleteService.csproj
		SccProjectName25 = AffiliImageDeleteService
		SccLocalPath25 = AffiliImageDeleteService
		SccProjectUniqueName26 = AffiliErrorIndexing\\AffiliErrorIndexing.csproj
		SccProjectName26 = AffiliErrorIndexing
		SccLocalPath26 = AffiliErrorIndexing
	EndGlobalSection
	GlobalSection(SolutionConfigurationPlatforms) = preSolution
		Debug|Any CPU = Debug|Any CPU
		Release|Any CPU = Release|Any CPU
	EndGlobalSection
	GlobalSection(ProjectConfigurationPlatforms) = postSolution
		{1B4FFFBA-BD27-496C-8B8F-D7E741E3C9E1}.Debug|Any CPU.ActiveCfg = Debug|Any CPU
		{1B4FFFBA-BD27-496C-8B8F-D7E741E3C9E1}.Debug|Any CPU.Build.0 = Debug|Any CPU
		{1B4FFFBA-BD27-496C-8B8F-D7E741E3C9E1}.Release|Any CPU.ActiveCfg = Release|Any CPU
		{1B4FFFBA-BD27-496C-8B8F-D7E741E3C9E1}.Release|Any CPU.Build.0 = Release|Any CPU
		{345F04FC-0F1D-4939-9744-64528C602E1C}.Debug|Any CPU.ActiveCfg = Debug|Any CPU
		{345F04FC-0F1D-4939-9744-64528C602E1C}.Debug|Any CPU.Build.0 = Debug|Any CPU
		{345F04FC-0F1D-4939-9744-64528C602E1C}.Release|Any CPU.ActiveCfg = Release|Any CPU
		{345F04FC-0F1D-4939-9744-64528C602E1C}.Release|Any CPU.Build.0 = Release|Any CPU
		{F166918E-5698-42C7-9F4E-4D9AD0419BA6}.Debug|Any CPU.ActiveCfg = Debug|Any CPU
		{F166918E-5698-42C7-9F4E-4D9AD0419BA6}.Debug|Any CPU.Build.0 = Debug|Any CPU
		{F166918E-5698-42C7-9F4E-4D9AD0419BA6}.Release|Any CPU.ActiveCfg = Release|Any CPU
		{F166918E-5698-42C7-9F4E-4D9AD0419BA6}.Release|Any CPU.Build.0 = Release|Any CPU
		{0B05B90F-7ADC-4E4A-81B7-92A831C66769}.Debug|Any CPU.ActiveCfg = Debug|Any CPU
		{0B05B90F-7ADC-4E4A-81B7-92A831C66769}.Debug|Any CPU.Build.0 = Debug|Any CPU
		{0B05B90F-7ADC-4E4A-81B7-92A831C66769}.Release|Any CPU.ActiveCfg = Release|Any CPU
		{0B05B90F-7ADC-4E4A-81B7-92A831C66769}.Release|Any CPU.Build.0 = Release|Any CPU
		{A3768D28-5B1D-4891-9760-70707CD14DD7}.Debug|Any CPU.ActiveCfg = Debug|Any CPU
		{A3768D28-5B1D-4891-9760-70707CD14DD7}.Debug|Any CPU.Build.0 = Debug|Any CPU
		{A3768D28-5B1D-4891-9760-70707CD14DD7}.Release|Any CPU.ActiveCfg = Release|Any CPU
		{A3768D28-5B1D-4891-9760-70707CD14DD7}.Release|Any CPU.Build.0 = Release|Any CPU
		{D66CAE5A-30D7-4682-9193-B86619D1F878}.Debug|Any CPU.ActiveCfg = Debug|Any CPU
		{D66CAE5A-30D7-4682-9193-B86619D1F878}.Debug|Any CPU.Build.0 = Debug|Any CPU
		{D66CAE5A-30D7-4682-9193-B86619D1F878}.Release|Any CPU.ActiveCfg = Release|Any CPU
		{D66CAE5A-30D7-4682-9193-B86619D1F878}.Release|Any CPU.Build.0 = Release|Any CPU
		{9B1428AD-2983-4E76-8033-65C307BA8170}.Debug|Any CPU.ActiveCfg = Debug|Any CPU
		{9B1428AD-2983-4E76-8033-65C307BA8170}.Debug|Any CPU.Build.0 = Debug|Any CPU
		{9B1428AD-2983-4E76-8033-65C307BA8170}.Release|Any CPU.ActiveCfg = Release|Any CPU
		{9B1428AD-2983-4E76-8033-65C307BA8170}.Release|Any CPU.Build.0 = Release|Any CPU
		{B595BBF5-559B-44CB-9DE0-A5F86B255AE1}.Debug|Any CPU.ActiveCfg = Debug|Any CPU
		{B595BBF5-559B-44CB-9DE0-A5F86B255AE1}.Debug|Any CPU.Build.0 = Debug|Any CPU
		{B595BBF5-559B-44CB-9DE0-A5F86B255AE1}.Release|Any CPU.ActiveCfg = Release|Any CPU
		{B595BBF5-559B-44CB-9DE0-A5F86B255AE1}.Release|Any CPU.Build.0 = Release|Any CPU
		{1BB8F14B-FAD9-4107-810D-6EB88A595E0E}.Debug|Any CPU.ActiveCfg = Debug|Any CPU
		{1BB8F14B-FAD9-4107-810D-6EB88A595E0E}.Debug|Any CPU.Build.0 = Debug|Any CPU
		{1BB8F14B-FAD9-4107-810D-6EB88A595E0E}.Release|Any CPU.ActiveCfg = Release|Any CPU
		{1BB8F14B-FAD9-4107-810D-6EB88A595E0E}.Release|Any CPU.Build.0 = Release|Any CPU
		{91E46A77-DC84-4224-8FC6-FE36F4C681D9}.Debug|Any CPU.ActiveCfg = Debug|Any CPU
		{91E46A77-DC84-4224-8FC6-FE36F4C681D9}.Debug|Any CPU.Build.0 = Debug|Any CPU
		{91E46A77-DC84-4224-8FC6-FE36F4C681D9}.Release|Any CPU.ActiveCfg = Release|Any CPU
		{91E46A77-DC84-4224-8FC6-FE36F4C681D9}.Release|Any CPU.Build.0 = Release|Any CPU
		{13FEC160-C9FC-4D25-A0E1-6EA2442B2BF7}.Debug|Any CPU.ActiveCfg = Debug|Any CPU
		{13FEC160-C9FC-4D25-A0E1-6EA2442B2BF7}.Debug|Any CPU.Build.0 = Debug|Any CPU
		{13FEC160-C9FC-4D25-A0E1-6EA2442B2BF7}.Release|Any CPU.ActiveCfg = Release|Any CPU
		{13FEC160-C9FC-4D25-A0E1-6EA2442B2BF7}.Release|Any CPU.Build.0 = Release|Any CPU
		{45EEE72E-2C3A-42F9-A532-EC6860CCD8AF}.Debug|Any CPU.ActiveCfg = Debug|Any CPU
		{45EEE72E-2C3A-42F9-A532-EC6860CCD8AF}.Debug|Any CPU.Build.0 = Debug|Any CPU
		{45EEE72E-2C3A-42F9-A532-EC6860CCD8AF}.Release|Any CPU.ActiveCfg = Release|Any CPU
		{45EEE72E-2C3A-42F9-A532-EC6860CCD8AF}.Release|Any CPU.Build.0 = Release|Any CPU
		{2820C04C-9891-49A1-84FF-24647B16ADED}.Debug|Any CPU.ActiveCfg = Debug|Any CPU
		{2820C04C-9891-49A1-84FF-24647B16ADED}.Debug|Any CPU.Build.0 = Debug|Any CPU
		{2820C04C-9891-49A1-84FF-24647B16ADED}.Release|Any CPU.ActiveCfg = Release|Any CPU
		{2820C04C-9891-49A1-84FF-24647B16ADED}.Release|Any CPU.Build.0 = Release|Any CPU
		{D90CAC1C-77DE-4FE5-97DC-128E8590C788}.Debug|Any CPU.ActiveCfg = Debug|Any CPU
		{D90CAC1C-77DE-4FE5-97DC-128E8590C788}.Debug|Any CPU.Build.0 = Debug|Any CPU
		{D90CAC1C-77DE-4FE5-97DC-128E8590C788}.Release|Any CPU.ActiveCfg = Release|Any CPU
		{D90CAC1C-77DE-4FE5-97DC-128E8590C788}.Release|Any CPU.Build.0 = Release|Any CPU
		{60BB6C62-BEC8-4CFF-BF5D-7AF8ADD9160C}.Debug|Any CPU.ActiveCfg = Debug|Any CPU
		{60BB6C62-BEC8-4CFF-BF5D-7AF8ADD9160C}.Debug|Any CPU.Build.0 = Debug|Any CPU
		{60BB6C62-BEC8-4CFF-BF5D-7AF8ADD9160C}.Release|Any CPU.ActiveCfg = Release|Any CPU
		{60BB6C62-BEC8-4CFF-BF5D-7AF8ADD9160C}.Release|Any CPU.Build.0 = Release|Any CPU
		{C4ABC63F-BBAE-4D33-83F9-A1A0B8096768}.Debug|Any CPU.ActiveCfg = Debug|Any CPU
		{C4ABC63F-BBAE-4D33-83F9-A1A0B8096768}.Debug|Any CPU.Build.0 = Debug|Any CPU
		{C4ABC63F-BBAE-4D33-83F9-A1A0B8096768}.Release|Any CPU.ActiveCfg = Release|Any CPU
		{C4ABC63F-BBAE-4D33-83F9-A1A0B8096768}.Release|Any CPU.Build.0 = Release|Any CPU
		{367B2B31-2133-425D-9116-435105E1FF56}.Debug|Any CPU.ActiveCfg = Debug|Any CPU
		{367B2B31-2133-425D-9116-435105E1FF56}.Debug|Any CPU.Build.0 = Debug|Any CPU
		{367B2B31-2133-425D-9116-435105E1FF56}.Release|Any CPU.ActiveCfg = Release|Any CPU
		{367B2B31-2133-425D-9116-435105E1FF56}.Release|Any CPU.Build.0 = Release|Any CPU
		{7DD5061C-0065-4725-B512-0427C56264DF}.Debug|Any CPU.ActiveCfg = Debug|Any CPU
		{7DD5061C-0065-4725-B512-0427C56264DF}.Debug|Any CPU.Build.0 = Debug|Any CPU
		{7DD5061C-0065-4725-B512-0427C56264DF}.Release|Any CPU.ActiveCfg = Release|Any CPU
		{7DD5061C-0065-4725-B512-0427C56264DF}.Release|Any CPU.Build.0 = Release|Any CPU
		{38D9E67C-5C9C-46C3-993E-0099896D8DC3}.Debug|Any CPU.ActiveCfg = Debug|Any CPU
		{38D9E67C-5C9C-46C3-993E-0099896D8DC3}.Debug|Any CPU.Build.0 = Debug|Any CPU
		{38D9E67C-5C9C-46C3-993E-0099896D8DC3}.Release|Any CPU.ActiveCfg = Release|Any CPU
		{38D9E67C-5C9C-46C3-993E-0099896D8DC3}.Release|Any CPU.Build.0 = Release|Any CPU
		{B418F117-41DF-4B91-820B-3A9DC8688CFB}.Debug|Any CPU.ActiveCfg = Debug|Any CPU
		{B418F117-41DF-4B91-820B-3A9DC8688CFB}.Debug|Any CPU.Build.0 = Debug|Any CPU
		{B418F117-41DF-4B91-820B-3A9DC8688CFB}.Release|Any CPU.ActiveCfg = Release|Any CPU
		{B418F117-41DF-4B91-820B-3A9DC8688CFB}.Release|Any CPU.Build.0 = Release|Any CPU
		{A86C7663-F57E-4360-9A15-AE68FB7ED84A}.Debug|Any CPU.ActiveCfg = Debug|Any CPU
		{A86C7663-F57E-4360-9A15-AE68FB7ED84A}.Debug|Any CPU.Build.0 = Debug|Any CPU
		{A86C7663-F57E-4360-9A15-AE68FB7ED84A}.Release|Any CPU.ActiveCfg = Release|Any CPU
		{A86C7663-F57E-4360-9A15-AE68FB7ED84A}.Release|Any CPU.Build.0 = Release|Any CPU
		{F28C841B-A8F6-4B9B-A078-930D29D3C5E0}.Debug|Any CPU.ActiveCfg = Debug|Any CPU
		{F28C841B-A8F6-4B9B-A078-930D29D3C5E0}.Debug|Any CPU.Build.0 = Debug|Any CPU
		{F28C841B-A8F6-4B9B-A078-930D29D3C5E0}.Release|Any CPU.ActiveCfg = Release|Any CPU
		{F28C841B-A8F6-4B9B-A078-930D29D3C5E0}.Release|Any CPU.Build.0 = Release|Any CPU
		{DDFEFE00-FBD7-4AEE-99C1-A2785979D735}.Debug|Any CPU.ActiveCfg = Debug|Any CPU
		{DDFEFE00-FBD7-4AEE-99C1-A2785979D735}.Debug|Any CPU.Build.0 = Debug|Any CPU
		{DDFEFE00-FBD7-4AEE-99C1-A2785979D735}.Release|Any CPU.ActiveCfg = Release|Any CPU
		{DDFEFE00-FBD7-4AEE-99C1-A2785979D735}.Release|Any CPU.Build.0 = Release|Any CPU
		{631BF8F3-7B9C-46E2-9198-24738F3C5453}.Debug|Any CPU.ActiveCfg = Debug|Any CPU
		{631BF8F3-7B9C-46E2-9198-24738F3C5453}.Debug|Any CPU.Build.0 = Debug|Any CPU
		{631BF8F3-7B9C-46E2-9198-24738F3C5453}.Release|Any CPU.ActiveCfg = Release|Any CPU
		{631BF8F3-7B9C-46E2-9198-24738F3C5453}.Release|Any CPU.Build.0 = Release|Any CPU
		{767FC45B-9BF5-460C-8F79-E77D77C161BA}.Debug|Any CPU.ActiveCfg = Debug|Any CPU
		{767FC45B-9BF5-460C-8F79-E77D77C161BA}.Debug|Any CPU.Build.0 = Debug|Any CPU
		{767FC45B-9BF5-460C-8F79-E77D77C161BA}.Release|Any CPU.ActiveCfg = Release|Any CPU
		{767FC45B-9BF5-460C-8F79-E77D77C161BA}.Release|Any CPU.Build.0 = Release|Any CPU
		{8C768837-2D00-4C36-9FC0-AC42AFB701FD}.Debug|Any CPU.ActiveCfg = Debug|Any CPU
		{8C768837-2D00-4C36-9FC0-AC42AFB701FD}.Debug|Any CPU.Build.0 = Debug|Any CPU
		{8C768837-2D00-4C36-9FC0-AC42AFB701FD}.Release|Any CPU.ActiveCfg = Release|Any CPU
		{8C768837-2D00-4C36-9FC0-AC42AFB701FD}.Release|Any CPU.Build.0 = Release|Any CPU
	EndGlobalSection
	GlobalSection(SolutionProperties) = preSolution
		HideSolutionNode = FALSE
	EndGlobalSection
	GlobalSection(NestedProjects) = preSolution
		{455BA84B-B8B6-467E-9CBF-E537615B91E6} = {119E14DC-B673-44E3-8FAA-9710C9840158}
	EndGlobalSection
	GlobalSection(ExtensibilityGlobals) = postSolution
		SelectedEnterpriseLibraryConfigurationSet = Microsoft Signed
	EndGlobalSection
EndGlobal
