
Microsoft Visual Studio Solution File, Format Version 11.00
# Visual Studio 2010
Project("{FAE04EC0-301F-11D3-BF4B-00C04F79EFBC}") = "WCfTest2", "WCfTest2\WCfTest2.csproj", "{CE59252E-30BA-406C-9638-56CD8463EE46}"
EndProject
Global
	GlobalSection(SolutionConfigurationPlatforms) = preSolution
		Debug|Any CPU = Debug|Any CPU
		Release|Any CPU = Release|Any CPU
	EndGlobalSection
	GlobalSection(ProjectConfigurationPlatforms) = postSolution
		{CE59252E-30BA-406C-9638-56CD8463EE46}.Debug|Any CPU.ActiveCfg = Debug|Any CPU
		{CE59252E-30BA-406C-9638-56CD8463EE46}.Debug|Any CPU.Build.0 = Debug|Any CPU
		{CE59252E-30BA-406C-9638-56CD8463EE46}.Release|Any CPU.ActiveCfg = Release|Any CPU
		{CE59252E-30BA-406C-9638-56CD8463EE46}.Release|Any CPU.Build.0 = Release|Any CPU
	EndGlobalSection
	GlobalSection(SolutionProperties) = preSolution
		HideSolutionNode = FALSE
	EndGlobalSection
EndGlobal
