
Microsoft Visual Studio Solution File, Format Version 11.00
# Visual Studio 2010
Project("{FAE04EC0-301F-11D3-BF4B-00C04F79EFBC}") = "TestWcfLib", "TestWcfLib\TestWcfLib.csproj", "{FFF086CA-82DB-498A-B268-1B545984EB68}"
EndProject
Project("{FAE04EC0-301F-11D3-BF4B-00C04F79EFBC}") = "WcfService1", "WcfService1\WcfService1.csproj", "{31739F66-A0C9-4D8C-94F0-3C724D754C7F}"
EndProject
Global
	GlobalSection(SolutionConfigurationPlatforms) = preSolution
		Debug|Any CPU = Debug|Any CPU
		Release|Any CPU = Release|Any CPU
	EndGlobalSection
	GlobalSection(ProjectConfigurationPlatforms) = postSolution
		{FFF086CA-82DB-498A-B268-1B545984EB68}.Debug|Any CPU.ActiveCfg = Debug|Any CPU
		{FFF086CA-82DB-498A-B268-1B545984EB68}.Debug|Any CPU.Build.0 = Debug|Any CPU
		{FFF086CA-82DB-498A-B268-1B545984EB68}.Release|Any CPU.ActiveCfg = Release|Any CPU
		{FFF086CA-82DB-498A-B268-1B545984EB68}.Release|Any CPU.Build.0 = Release|Any CPU
		{31739F66-A0C9-4D8C-94F0-3C724D754C7F}.Debug|Any CPU.ActiveCfg = Debug|Any CPU
		{31739F66-A0C9-4D8C-94F0-3C724D754C7F}.Debug|Any CPU.Build.0 = Debug|Any CPU
		{31739F66-A0C9-4D8C-94F0-3C724D754C7F}.Release|Any CPU.ActiveCfg = Release|Any CPU
		{31739F66-A0C9-4D8C-94F0-3C724D754C7F}.Release|Any CPU.Build.0 = Release|Any CPU
	EndGlobalSection
	GlobalSection(SolutionProperties) = preSolution
		HideSolutionNode = FALSE
	EndGlobalSection
EndGlobal
