
Microsoft Visual Studio Solution File, Format Version 12.00
# Visual Studio 2013
VisualStudioVersion = 12.0.30723.0
MinimumVisualStudioVersion = 10.0.40219.1
Project("{FAE04EC0-301F-11D3-BF4B-00C04F79EFBC}") = "AngularJsDialog", "AngularJsDialog\AngularJsDialog.csproj", "{E2ADB63C-3B06-4E0C-8400-B523D5E0EBBD}"
EndProject
Global
	GlobalSection(TeamFoundationVersionControl) = preSolution
		SccNumberOfProjects = 2
		SccEnterpriseProvider = {4CA58AB2-18FA-4F8D-95D4-32DDF27D184C}
		SccTeamFoundationServer = https://ajitchahal.visualstudio.com/defaultcollection
		SccLocalPath0 = .
		SccProjectUniqueName1 = AngularJsDialog\\AngularJsDialog.csproj
		SccProjectName1 = AngularJsDialog
		SccLocalPath1 = AngularJsDialog
	EndGlobalSection
	GlobalSection(SolutionConfigurationPlatforms) = preSolution
		Debug|Any CPU = Debug|Any CPU
		Release|Any CPU = Release|Any CPU
	EndGlobalSection
	GlobalSection(ProjectConfigurationPlatforms) = postSolution
		{E2ADB63C-3B06-4E0C-8400-B523D5E0EBBD}.Debug|Any CPU.ActiveCfg = Debug|Any CPU
		{E2ADB63C-3B06-4E0C-8400-B523D5E0EBBD}.Debug|Any CPU.Build.0 = Debug|Any CPU
		{E2ADB63C-3B06-4E0C-8400-B523D5E0EBBD}.Release|Any CPU.ActiveCfg = Release|Any CPU
		{E2ADB63C-3B06-4E0C-8400-B523D5E0EBBD}.Release|Any CPU.Build.0 = Release|Any CPU
	EndGlobalSection
	GlobalSection(SolutionProperties) = preSolution
		HideSolutionNode = FALSE
	EndGlobalSection
EndGlobal
